{
  "name": "ngrx-data-grid",
  "version": "1.22.0",
  "lockfileVersion": 2,
  "requires": true,
  "packages": {
    "": {
      "name": "ngrx-data-grid",
      "version": "1.22.0",
      "license": "MIT",
      "dependencies": {
        "ramda": "^0.29.0",
        "tslib": "^2.5.2"
      },
      "peerDependencies": {
        "@angular/cdk": "^16.0.2",
        "@angular/common": "^16.0.3",
        "@angular/core": "^16.0.3",
        "@ngrx/store": "^16.0.0"
      }
    },
    "node_modules/@angular/cdk": {
      "version": "16.0.3",
      "resolved": "https://registry.npmjs.org/@angular/cdk/-/cdk-16.0.3.tgz",
      "integrity": "sha512-KQCKWWNiHuYmzAVSiEyVs1P+859uhlvnmUH2azoL3qUHUcvdyB+iYqv9rTVRJl4N8nOpOYrj4JP3zmvNZLsI1Q==",
      "peer": true,
      "dependencies": {
        "tslib": "^2.3.0"
      },
      "optionalDependencies": {
        "parse5": "^7.1.2"
      },
      "peerDependencies": {
        "@angular/common": "^16.0.0 || ^17.0.0",
        "@angular/core": "^16.0.0 || ^17.0.0",
        "rxjs": "^6.5.3 || ^7.4.0"
      }
    },
    "node_modules/@angular/common": {
      "version": "16.0.4",
      "resolved": "https://registry.npmjs.org/@angular/common/-/common-16.0.4.tgz",
      "integrity": "sha512-EX1u46Lwc0uGcc0jjaxFHcnkuXusytYcjcd9pc+7eNNIi9nvLJDRmd8VyZ12ozc6ynBO6vt0mFSpIpjUVsTheQ==",
      "peer": true,
      "dependencies": {
        "tslib": "^2.3.0"
      },
      "engines": {
        "node": "^16.14.0 || >=18.10.0"
      },
      "peerDependencies": {
        "@angular/core": "16.0.4",
        "rxjs": "^6.5.3 || ^7.4.0"
      }
    },
    "node_modules/@angular/core": {
      "version": "16.0.4",
      "resolved": "https://registry.npmjs.org/@angular/core/-/core-16.0.4.tgz",
      "integrity": "sha512-Lp/qGJt0NFFTKQHofaMjCdGYfVwGCyhBtcbioaTqi1wA5OwXfMZX5MgHZXl1KlnZs1YVqM8vO/Z/4kOxgYXvNQ==",
      "peer": true,
      "dependencies": {
        "tslib": "^2.3.0"
      },
      "engines": {
        "node": "^16.14.0 || >=18.10.0"
      },
      "peerDependencies": {
        "rxjs": "^6.5.3 || ^7.4.0",
        "zone.js": "~0.13.0"
      }
    },
    "node_modules/@ngrx/store": {
      "version": "16.0.1",
      "resolved": "https://registry.npmjs.org/@ngrx/store/-/store-16.0.1.tgz",
      "integrity": "sha512-KkYzF3j29qKOzHcmiArRJgT+ABLqbddj1DuxerNq3A8zWnTDdC4YgNpDOKru8hQWb3pQ77ZbglLati5K9F8HnQ==",
      "peer": true,
      "dependencies": {
        "tslib": "^2.0.0"
      },
      "peerDependencies": {
        "@angular/core": "^16.0.0",
        "rxjs": "^6.5.3 || ^7.5.0"
      }
    },
    "node_modules/entities": {
      "version": "4.4.0",
      "resolved": "https://registry.npmjs.org/entities/-/entities-4.4.0.tgz",
      "integrity": "sha512-oYp7156SP8LkeGD0GF85ad1X9Ai79WtRsZ2gxJqtBuzH+98YUV6jkHEKlZkMbcrjJjIVJNIDP/3WL9wQkoPbWA==",
      "optional": true,
      "peer": true,
      "engines": {
        "node": ">=0.12"
      },
      "funding": {
        "url": "https://github.com/fb55/entities?sponsor=1"
      }
    },
    "node_modules/parse5": {
      "version": "7.1.2",
      "resolved": "https://registry.npmjs.org/parse5/-/parse5-7.1.2.tgz",
      "integrity": "sha512-Czj1WaSVpaoj0wbhMzLmWD69anp2WH7FXMB9n1Sy8/ZFF9jolSQVMu1Ij5WIyGmcBmhk7EOndpO4mIpihVqAXw==",
      "optional": true,
      "peer": true,
      "dependencies": {
        "entities": "^4.4.0"
      },
      "funding": {
        "url": "https://github.com/inikulin/parse5?sponsor=1"
      }
    },
    "node_modules/ramda": {
      "version": "0.29.0",
      "resolved": "https://registry.npmjs.org/ramda/-/ramda-0.29.0.tgz",
      "integrity": "sha512-BBea6L67bYLtdbOqfp8f58fPMqEwx0doL+pAi8TZyp2YWz8R9G8z9x75CZI8W+ftqhFHCpEX2cRnUUXK130iKA==",
      "funding": {
        "type": "opencollective",
        "url": "https://opencollective.com/ramda"
      }
    },
    "node_modules/rxjs": {
      "version": "7.5.7",
      "resolved": "https://registry.npmjs.org/rxjs/-/rxjs-7.5.7.tgz",
      "integrity": "sha512-z9MzKh/UcOqB3i20H6rtrlaE/CgjLOvheWK/9ILrbhROGTweAi1BaFsTT9FbwZi5Trr1qNRs+MXkhmR06awzQA==",
      "peer": true,
      "dependencies": {
        "tslib": "^2.1.0"
      }
    },
    "node_modules/tslib": {
      "version": "2.5.3",
      "resolved": "https://registry.npmjs.org/tslib/-/tslib-2.5.3.tgz",
      "integrity": "sha512-mSxlJJwl3BMEQCUNnxXBU9jP4JBktcEGhURcPR6VQVlnP0FdDEsIaz0C35dXNGLyRfrATNofF0F5p2KPxQgB+w=="
    },
    "node_modules/zone.js": {
      "version": "0.13.0",
      "resolved": "https://registry.npmjs.org/zone.js/-/zone.js-0.13.0.tgz",
      "integrity": "sha512-7m3hNNyswsdoDobCkYNAy5WiUulkMd3+fWaGT9ij6iq3Zr/IwJo4RMCYPSDjT+r7tnPErmY9sZpKhWQ8S5k6XQ==",
      "peer": true,
      "dependencies": {
        "tslib": "^2.3.0"
      }
    }
  },
  "dependencies": {
    "@angular/cdk": {
      "version": "16.0.3",
      "resolved": "https://registry.npmjs.org/@angular/cdk/-/cdk-16.0.3.tgz",
      "integrity": "sha512-KQCKWWNiHuYmzAVSiEyVs1P+859uhlvnmUH2azoL3qUHUcvdyB+iYqv9rTVRJl4N8nOpOYrj4JP3zmvNZLsI1Q==",
      "peer": true,
      "requires": {
        "parse5": "^7.1.2",
        "tslib": "^2.3.0"
      }
    },
    "@angular/common": {
      "version": "16.0.4",
      "resolved": "https://registry.npmjs.org/@angular/common/-/common-16.0.4.tgz",
      "integrity": "sha512-EX1u46Lwc0uGcc0jjaxFHcnkuXusytYcjcd9pc+7eNNIi9nvLJDRmd8VyZ12ozc6ynBO6vt0mFSpIpjUVsTheQ==",
      "peer": true,
      "requires": {
        "tslib": "^2.3.0"
      }
    },
    "@angular/core": {
      "version": "16.0.4",
      "resolved": "https://registry.npmjs.org/@angular/core/-/core-16.0.4.tgz",
      "integrity": "sha512-Lp/qGJt0NFFTKQHofaMjCdGYfVwGCyhBtcbioaTqi1wA5OwXfMZX5MgHZXl1KlnZs1YVqM8vO/Z/4kOxgYXvNQ==",
      "peer": true,
      "requires": {
        "tslib": "^2.3.0"
      }
    },
    "@ngrx/store": {
      "version": "16.0.1",
      "resolved": "https://registry.npmjs.org/@ngrx/store/-/store-16.0.1.tgz",
      "integrity": "sha512-KkYzF3j29qKOzHcmiArRJgT+ABLqbddj1DuxerNq3A8zWnTDdC4YgNpDOKru8hQWb3pQ77ZbglLati5K9F8HnQ==",
      "peer": true,
      "requires": {
        "tslib": "^2.0.0"
      }
    },
    "entities": {
      "version": "4.4.0",
      "resolved": "https://registry.npmjs.org/entities/-/entities-4.4.0.tgz",
      "integrity": "sha512-oYp7156SP8LkeGD0GF85ad1X9Ai79WtRsZ2gxJqtBuzH+98YUV6jkHEKlZkMbcrjJjIVJNIDP/3WL9wQkoPbWA==",
      "optional": true,
      "peer": true
    },
    "parse5": {
      "version": "7.1.2",
      "resolved": "https://registry.npmjs.org/parse5/-/parse5-7.1.2.tgz",
      "integrity": "sha512-Czj1WaSVpaoj0wbhMzLmWD69anp2WH7FXMB9n1Sy8/ZFF9jolSQVMu1Ij5WIyGmcBmhk7EOndpO4mIpihVqAXw==",
      "optional": true,
      "peer": true,
      "requires": {
        "entities": "^4.4.0"
      }
    },
    "ramda": {
      "version": "0.29.0",
      "resolved": "https://registry.npmjs.org/ramda/-/ramda-0.29.0.tgz",
      "integrity": "sha512-BBea6L67bYLtdbOqfp8f58fPMqEwx0doL+pAi8TZyp2YWz8R9G8z9x75CZI8W+ftqhFHCpEX2cRnUUXK130iKA=="
    },
    "rxjs": {
      "version": "7.5.7",
      "resolved": "https://registry.npmjs.org/rxjs/-/rxjs-7.5.7.tgz",
      "integrity": "sha512-z9MzKh/UcOqB3i20H6rtrlaE/CgjLOvheWK/9ILrbhROGTweAi1BaFsTT9FbwZi5Trr1qNRs+MXkhmR06awzQA==",
      "peer": true,
      "requires": {
        "tslib": "^2.1.0"
      }
    },
    "tslib": {
      "version": "2.5.3",
      "resolved": "https://registry.npmjs.org/tslib/-/tslib-2.5.3.tgz",
      "integrity": "sha512-mSxlJJwl3BMEQCUNnxXBU9jP4JBktcEGhURcPR6VQVlnP0FdDEsIaz0C35dXNGLyRfrATNofF0F5p2KPxQgB+w=="
    },
    "zone.js": {
      "version": "0.13.0",
      "resolved": "https://registry.npmjs.org/zone.js/-/zone.js-0.13.0.tgz",
      "integrity": "sha512-7m3hNNyswsdoDobCkYNAy5WiUulkMd3+fWaGT9ij6iq3Zr/IwJo4RMCYPSDjT+r7tnPErmY9sZpKhWQ8S5k6XQ==",
      "peer": true,
      "requires": {
        "tslib": "^2.3.0"
      }
    }
  }
}
