{
  "name": "ngrx-data-grid",
  "version": "1.22.0",
  "lockfileVersion": 2,
  "requires": true,
  "packages": {
    "": {
      "name": "ngrx-data-grid",
      "version": "1.22.0",
      "license": "MIT",
      "dependencies": {
        "ramda": "^0.29.1",
        "tslib": "^2.6.2"
      },
      "peerDependencies": {
        "@angular/cdk": "^17.1.1",
        "@angular/common": "^17.1.1",
        "@angular/core": "^17.1.1",
        "@ngrx/store": "^17.1.0"
      }
    },
    "node_modules/@angular/cdk": {
      "version": "17.1.1",
      "resolved": "https://registry.npmjs.org/@angular/cdk/-/cdk-17.1.1.tgz",
      "integrity": "sha512-Q5qC6VUyT7N/hj8eETdh0bkmBmsXm0JZikhXdBvcDUl8yPbhMPKQCkx4UJzBrZJg/+78XyI9FI/q8w/yQAJZJA==",
      "peer": true,
      "dependencies": {
        "tslib": "^2.3.0"
      },
      "optionalDependencies": {
        "parse5": "^7.1.2"
      },
      "peerDependencies": {
        "@angular/common": "^17.0.0 || ^18.0.0",
        "@angular/core": "^17.0.0 || ^18.0.0",
        "rxjs": "^6.5.3 || ^7.4.0"
      }
    },
    "node_modules/@angular/common": {
      "version": "17.1.1",
      "resolved": "https://registry.npmjs.org/@angular/common/-/common-17.1.1.tgz",
      "integrity": "sha512-YMM2vImWJg7H3Yaej7ncGpFKT28V2Y6X9/rLpRdSKAiUbcbj7GeWtX/upfZGR9KmD08baYZw0YTNMR03Ubv/mg==",
      "peer": true,
      "dependencies": {
        "tslib": "^2.3.0"
      },
      "engines": {
        "node": "^18.13.0 || >=20.9.0"
      },
      "peerDependencies": {
        "@angular/core": "17.1.1",
        "rxjs": "^6.5.3 || ^7.4.0"
      }
    },
    "node_modules/@angular/core": {
      "version": "17.1.1",
      "resolved": "https://registry.npmjs.org/@angular/core/-/core-17.1.1.tgz",
      "integrity": "sha512-JtNYM9eHr8eUSrGPq/kn0+/F+TSZ7EBWxZhM1ZndOlGu1gA4fGhrDid4ZXIHIs07DbM4NZjMn+LhRyx02YDsSA==",
      "peer": true,
      "dependencies": {
        "tslib": "^2.3.0"
      },
      "engines": {
        "node": "^18.13.0 || >=20.9.0"
      },
      "peerDependencies": {
        "rxjs": "^6.5.3 || ^7.4.0",
        "zone.js": "~0.14.0"
      }
    },
    "node_modules/@ngrx/store": {
      "version": "17.1.0",
      "resolved": "https://registry.npmjs.org/@ngrx/store/-/store-17.1.0.tgz",
      "integrity": "sha512-25dGaDRssJ7Yi3TixbSG4j1wzMiKNICGU/owAPn/EBIvTgdI4MO6crh9dt/L7MWSrIpXpQdp6NT5xlMm5YLT5A==",
      "peer": true,
      "dependencies": {
        "tslib": "^2.0.0"
      },
      "peerDependencies": {
        "@angular/core": "^17.0.0",
        "rxjs": "^6.5.3 || ^7.5.0"
      }
    },
    "node_modules/entities": {
      "version": "4.4.0",
      "resolved": "https://registry.npmjs.org/entities/-/entities-4.4.0.tgz",
      "integrity": "sha512-oYp7156SP8LkeGD0GF85ad1X9Ai79WtRsZ2gxJqtBuzH+98YUV6jkHEKlZkMbcrjJjIVJNIDP/3WL9wQkoPbWA==",
      "optional": true,
      "peer": true,
      "engines": {
        "node": ">=0.12"
      },
      "funding": {
        "url": "https://github.com/fb55/entities?sponsor=1"
      }
    },
    "node_modules/parse5": {
      "version": "7.1.2",
      "resolved": "https://registry.npmjs.org/parse5/-/parse5-7.1.2.tgz",
      "integrity": "sha512-Czj1WaSVpaoj0wbhMzLmWD69anp2WH7FXMB9n1Sy8/ZFF9jolSQVMu1Ij5WIyGmcBmhk7EOndpO4mIpihVqAXw==",
      "optional": true,
      "peer": true,
      "dependencies": {
        "entities": "^4.4.0"
      },
      "funding": {
        "url": "https://github.com/inikulin/parse5?sponsor=1"
      }
    },
    "node_modules/ramda": {
      "version": "0.29.1",
      "resolved": "https://registry.npmjs.org/ramda/-/ramda-0.29.1.tgz",
      "integrity": "sha512-OfxIeWzd4xdUNxlWhgFazxsA/nl3mS4/jGZI5n00uWOoSSFRhC1b6gl6xvmzUamgmqELraWp0J/qqVlXYPDPyA==",
      "funding": {
        "type": "opencollective",
        "url": "https://opencollective.com/ramda"
      }
    },
    "node_modules/rxjs": {
      "version": "7.5.7",
      "resolved": "https://registry.npmjs.org/rxjs/-/rxjs-7.5.7.tgz",
      "integrity": "sha512-z9MzKh/UcOqB3i20H6rtrlaE/CgjLOvheWK/9ILrbhROGTweAi1BaFsTT9FbwZi5Trr1qNRs+MXkhmR06awzQA==",
      "peer": true,
      "dependencies": {
        "tslib": "^2.1.0"
      }
    },
    "node_modules/tslib": {
      "version": "2.6.2",
      "resolved": "https://registry.npmjs.org/tslib/-/tslib-2.6.2.tgz",
      "integrity": "sha512-AEYxH93jGFPn/a2iVAwW87VuUIkR1FVUKB77NwMF7nBTDkDrrT/Hpt/IrCJ0QXhW27jTBDcf5ZY7w6RiqTMw2Q=="
    },
    "node_modules/zone.js": {
      "version": "0.14.3",
      "resolved": "https://registry.npmjs.org/zone.js/-/zone.js-0.14.3.tgz",
      "integrity": "sha512-jYoNqF046Q+JfcZSItRSt+oXFcpXL88yq7XAZjb/NKTS7w2hHpKjRJ3VlFD1k75wMaRRXNUt5vrZVlygiMyHbA==",
      "peer": true,
      "dependencies": {
        "tslib": "^2.3.0"
      }
    }
  },
  "dependencies": {
    "@angular/cdk": {
      "version": "17.1.1",
      "resolved": "https://registry.npmjs.org/@angular/cdk/-/cdk-17.1.1.tgz",
      "integrity": "sha512-Q5qC6VUyT7N/hj8eETdh0bkmBmsXm0JZikhXdBvcDUl8yPbhMPKQCkx4UJzBrZJg/+78XyI9FI/q8w/yQAJZJA==",
      "peer": true,
      "requires": {
        "parse5": "^7.1.2",
        "tslib": "^2.3.0"
      }
    },
    "@angular/common": {
      "version": "17.1.1",
      "resolved": "https://registry.npmjs.org/@angular/common/-/common-17.1.1.tgz",
      "integrity": "sha512-YMM2vImWJg7H3Yaej7ncGpFKT28V2Y6X9/rLpRdSKAiUbcbj7GeWtX/upfZGR9KmD08baYZw0YTNMR03Ubv/mg==",
      "peer": true,
      "requires": {
        "tslib": "^2.3.0"
      }
    },
    "@angular/core": {
      "version": "17.1.1",
      "resolved": "https://registry.npmjs.org/@angular/core/-/core-17.1.1.tgz",
      "integrity": "sha512-JtNYM9eHr8eUSrGPq/kn0+/F+TSZ7EBWxZhM1ZndOlGu1gA4fGhrDid4ZXIHIs07DbM4NZjMn+LhRyx02YDsSA==",
      "peer": true,
      "requires": {
        "tslib": "^2.3.0"
      }
    },
    "@ngrx/store": {
      "version": "17.1.0",
      "resolved": "https://registry.npmjs.org/@ngrx/store/-/store-17.1.0.tgz",
      "integrity": "sha512-25dGaDRssJ7Yi3TixbSG4j1wzMiKNICGU/owAPn/EBIvTgdI4MO6crh9dt/L7MWSrIpXpQdp6NT5xlMm5YLT5A==",
      "peer": true,
      "requires": {
        "tslib": "^2.0.0"
      }
    },
    "entities": {
      "version": "4.4.0",
      "resolved": "https://registry.npmjs.org/entities/-/entities-4.4.0.tgz",
      "integrity": "sha512-oYp7156SP8LkeGD0GF85ad1X9Ai79WtRsZ2gxJqtBuzH+98YUV6jkHEKlZkMbcrjJjIVJNIDP/3WL9wQkoPbWA==",
      "optional": true,
      "peer": true
    },
    "parse5": {
      "version": "7.1.2",
      "resolved": "https://registry.npmjs.org/parse5/-/parse5-7.1.2.tgz",
      "integrity": "sha512-Czj1WaSVpaoj0wbhMzLmWD69anp2WH7FXMB9n1Sy8/ZFF9jolSQVMu1Ij5WIyGmcBmhk7EOndpO4mIpihVqAXw==",
      "optional": true,
      "peer": true,
      "requires": {
        "entities": "^4.4.0"
      }
    },
    "ramda": {
      "version": "0.29.1",
      "resolved": "https://registry.npmjs.org/ramda/-/ramda-0.29.1.tgz",
      "integrity": "sha512-OfxIeWzd4xdUNxlWhgFazxsA/nl3mS4/jGZI5n00uWOoSSFRhC1b6gl6xvmzUamgmqELraWp0J/qqVlXYPDPyA=="
    },
    "rxjs": {
      "version": "7.5.7",
      "resolved": "https://registry.npmjs.org/rxjs/-/rxjs-7.5.7.tgz",
      "integrity": "sha512-z9MzKh/UcOqB3i20H6rtrlaE/CgjLOvheWK/9ILrbhROGTweAi1BaFsTT9FbwZi5Trr1qNRs+MXkhmR06awzQA==",
      "peer": true,
      "requires": {
        "tslib": "^2.1.0"
      }
    },
    "tslib": {
      "version": "2.6.2",
      "resolved": "https://registry.npmjs.org/tslib/-/tslib-2.6.2.tgz",
      "integrity": "sha512-AEYxH93jGFPn/a2iVAwW87VuUIkR1FVUKB77NwMF7nBTDkDrrT/Hpt/IrCJ0QXhW27jTBDcf5ZY7w6RiqTMw2Q=="
    },
    "zone.js": {
      "version": "0.14.3",
      "resolved": "https://registry.npmjs.org/zone.js/-/zone.js-0.14.3.tgz",
      "integrity": "sha512-jYoNqF046Q+JfcZSItRSt+oXFcpXL88yq7XAZjb/NKTS7w2hHpKjRJ3VlFD1k75wMaRRXNUt5vrZVlygiMyHbA==",
      "peer": true,
      "requires": {
        "tslib": "^2.3.0"
      }
    }
  }
}
